{
  "name": "tranquility-language-support",
  "version": "0.0.1",
  "lockfileVersion": 3,
  "requires": true,
  "packages": {
    "": {
      "name": "tranquility-language-support",
      "version": "0.0.1",
      "dependencies": {
        "tranquility-language-support": "file:"
      },
      "engines": {
        "vscode": "^1.95.0"
      }
    },
    "node_modules/tranquility-language-support": {
      "resolved": "",
      "link": true
    }
  }
}
